
Microsoft Visual Studio Solution File, Format Version 12.00
# Visual Studio Version 16
VisualStudioVersion = 16.0.31624.102
MinimumVisualStudioVersion = 10.0.40219.1
Project("{FAE04EC0-301F-11D3-BF4B-00C04F79EFBC}") = "Authentication_API", "Authentication_API\Authentication_API.csproj", "{914BF052-2391-48CB-A1BA-3BD584D91186}"
EndProject
Global
	GlobalSection(SolutionConfigurationPlatforms) = preSolution
		Debug|Any CPU = Debug|Any CPU
		Release|Any CPU = Release|Any CPU
	EndGlobalSection
	GlobalSection(ProjectConfigurationPlatforms) = postSolution
		{914BF052-2391-48CB-A1BA-3BD584D91186}.Debug|Any CPU.ActiveCfg = Debug|Any CPU
		{914BF052-2391-48CB-A1BA-3BD584D91186}.Debug|Any CPU.Build.0 = Debug|Any CPU
		{914BF052-2391-48CB-A1BA-3BD584D91186}.Release|Any CPU.ActiveCfg = Release|Any CPU
		{914BF052-2391-48CB-A1BA-3BD584D91186}.Release|Any CPU.Build.0 = Release|Any CPU
	EndGlobalSection
	GlobalSection(SolutionProperties) = preSolution
		HideSolutionNode = FALSE
	EndGlobalSection
	GlobalSection(ExtensibilityGlobals) = postSolution
		SolutionGuid = {AECB067C-D9F9-4D44-8B63-2143E42FAC22}
	EndGlobalSection
EndGlobal
